
Microsoft Visual Studio Solution File, Format Version 11.00
# Visual Studio 2010
# SharpDevelop 4.2.0.8798-adsk-contrib/Revit/4.2/Macro-SharpDevelop
Project("{FAE04EC0-301F-11D3-BF4B-00C04F79EFBC}") = "Inception_Child", "Inception_Child\Inception_Child.csproj", "{DB8CF1EA-53C2-4A62-9DF7-13A43FA8476E}"
EndProject
Global
	GlobalSection(SolutionConfigurationPlatforms) = preSolution
		Debug|Any CPU = Debug|Any CPU
		Release|Any CPU = Release|Any CPU
	EndGlobalSection
	GlobalSection(ProjectConfigurationPlatforms) = postSolution
		{DB8CF1EA-53C2-4A62-9DF7-13A43FA8476E}.Debug|Any CPU.Build.0 = Debug|Any CPU
		{DB8CF1EA-53C2-4A62-9DF7-13A43FA8476E}.Debug|Any CPU.ActiveCfg = Debug|Any CPU
		{DB8CF1EA-53C2-4A62-9DF7-13A43FA8476E}.Release|Any CPU.Build.0 = Release|Any CPU
		{DB8CF1EA-53C2-4A62-9DF7-13A43FA8476E}.Release|Any CPU.ActiveCfg = Release|Any CPU
	EndGlobalSection
EndGlobal
