
Microsoft Visual Studio Solution File, Format Version 12.00
# Visual Studio Version 16
VisualStudioVersion = 16.0.31911.196
MinimumVisualStudioVersion = 10.0.40219.1
Project("{FAE04EC0-301F-11D3-BF4B-00C04F79EFBC}") = "MyFifthPlugin", "MyFifthPlugin.csproj", "{3F58527E-DAEF-4F90-B695-A51390AFE4B5}"
EndProject
Global
	GlobalSection(SolutionConfigurationPlatforms) = preSolution
		Debug|Any CPU = Debug|Any CPU
		Debug|x64 = Debug|x64
		Release|Any CPU = Release|Any CPU
		Release|x64 = Release|x64
	EndGlobalSection
	GlobalSection(ProjectConfigurationPlatforms) = postSolution
		{3F58527E-DAEF-4F90-B695-A51390AFE4B5}.Debug|Any CPU.ActiveCfg = Debug|Any CPU
		{3F58527E-DAEF-4F90-B695-A51390AFE4B5}.Debug|Any CPU.Build.0 = Debug|Any CPU
		{3F58527E-DAEF-4F90-B695-A51390AFE4B5}.Debug|x64.ActiveCfg = Debug|x64
		{3F58527E-DAEF-4F90-B695-A51390AFE4B5}.Debug|x64.Build.0 = Debug|x64
		{3F58527E-DAEF-4F90-B695-A51390AFE4B5}.Release|Any CPU.ActiveCfg = Release|Any CPU
		{3F58527E-DAEF-4F90-B695-A51390AFE4B5}.Release|Any CPU.Build.0 = Release|Any CPU
		{3F58527E-DAEF-4F90-B695-A51390AFE4B5}.Release|x64.ActiveCfg = Release|x64
		{3F58527E-DAEF-4F90-B695-A51390AFE4B5}.Release|x64.Build.0 = Release|x64
	EndGlobalSection
	GlobalSection(SolutionProperties) = preSolution
		HideSolutionNode = FALSE
	EndGlobalSection
	GlobalSection(ExtensibilityGlobals) = postSolution
		SolutionGuid = {780851AE-C27D-4A52-BBE7-FD6CC5267226}
	EndGlobalSection
EndGlobal
