
Microsoft Visual Studio Solution File, Format Version 12.00
# Visual Studio Version 16
VisualStudioVersion = 16.0.31911.196
MinimumVisualStudioVersion = 10.0.40219.1
Project("{FAE04EC0-301F-11D3-BF4B-00C04F79EFBC}") = "Inception", "Inception\Inception.csproj", "{EDD25D39-E6D9-4AE2-9F40-1A3780A98DA9}"
EndProject
Project("{FAE04EC0-301F-11D3-BF4B-00C04F79EFBC}") = "Inception_Child", "..\..\Inception_Child\Source\Inception_Child\Inception_Child.csproj", "{AEE1F3D5-7DAA-450F-A95E-8ED1C3372D0F}"
EndProject
Project("{FAE04EC0-301F-11D3-BF4B-00C04F79EFBC}") = "ClassLibrary", "ClassLibrary\ClassLibrary.csproj", "{7BD7639C-00D4-4E8D-BCA2-28674FC4FC10}"
EndProject
Project("{54435603-DBB4-11D2-8724-00A0C9A8B90C}") = "RevitParUpdater", "RevitParUpdater\RevitParUpdater.vdproj", "{A9A25817-1A06-4480-BC3C-000D4F6DEA94}"
EndProject
Global
	GlobalSection(SolutionConfigurationPlatforms) = preSolution
		Debug|Any CPU = Debug|Any CPU
		Release|Any CPU = Release|Any CPU
	EndGlobalSection
	GlobalSection(ProjectConfigurationPlatforms) = postSolution
		{EDD25D39-E6D9-4AE2-9F40-1A3780A98DA9}.Debug|Any CPU.ActiveCfg = Debug|Any CPU
		{EDD25D39-E6D9-4AE2-9F40-1A3780A98DA9}.Debug|Any CPU.Build.0 = Debug|Any CPU
		{EDD25D39-E6D9-4AE2-9F40-1A3780A98DA9}.Release|Any CPU.ActiveCfg = Release|Any CPU
		{EDD25D39-E6D9-4AE2-9F40-1A3780A98DA9}.Release|Any CPU.Build.0 = Release|Any CPU
		{AEE1F3D5-7DAA-450F-A95E-8ED1C3372D0F}.Debug|Any CPU.ActiveCfg = Debug|Any CPU
		{AEE1F3D5-7DAA-450F-A95E-8ED1C3372D0F}.Debug|Any CPU.Build.0 = Debug|Any CPU
		{AEE1F3D5-7DAA-450F-A95E-8ED1C3372D0F}.Release|Any CPU.ActiveCfg = Release|Any CPU
		{AEE1F3D5-7DAA-450F-A95E-8ED1C3372D0F}.Release|Any CPU.Build.0 = Release|Any CPU
		{7BD7639C-00D4-4E8D-BCA2-28674FC4FC10}.Debug|Any CPU.ActiveCfg = Debug|Any CPU
		{7BD7639C-00D4-4E8D-BCA2-28674FC4FC10}.Debug|Any CPU.Build.0 = Debug|Any CPU
		{7BD7639C-00D4-4E8D-BCA2-28674FC4FC10}.Release|Any CPU.ActiveCfg = Release|Any CPU
		{7BD7639C-00D4-4E8D-BCA2-28674FC4FC10}.Release|Any CPU.Build.0 = Release|Any CPU
		{A9A25817-1A06-4480-BC3C-000D4F6DEA94}.Debug|Any CPU.ActiveCfg = Debug
		{A9A25817-1A06-4480-BC3C-000D4F6DEA94}.Release|Any CPU.ActiveCfg = Release
	EndGlobalSection
	GlobalSection(SolutionProperties) = preSolution
		HideSolutionNode = FALSE
	EndGlobalSection
	GlobalSection(ExtensibilityGlobals) = postSolution
		SolutionGuid = {DFBE61C2-FED7-4CEF-A255-1DE64594FB64}
	EndGlobalSection
EndGlobal
